
Microsoft Visual Studio Solution File, Format Version 12.00
# Visual Studio Version 16
VisualStudioVersion = 16.0.33328.57
MinimumVisualStudioVersion = 10.0.40219.1
Project("{888888A0-9F3D-457C-B088-3A5042F75D52}") = "lab04", "lab04\lab04.pyproj", "{E4D020EC-11F2-4E3C-B74B-23457C38CEB6}"
EndProject
Global
	GlobalSection(SolutionConfigurationPlatforms) = preSolution
		Debug|Any CPU = Debug|Any CPU
		Release|Any CPU = Release|Any CPU
	EndGlobalSection
	GlobalSection(ProjectConfigurationPlatforms) = postSolution
		{E4D020EC-11F2-4E3C-B74B-23457C38CEB6}.Debug|Any CPU.ActiveCfg = Debug|Any CPU
		{E4D020EC-11F2-4E3C-B74B-23457C38CEB6}.Release|Any CPU.ActiveCfg = Release|Any CPU
	EndGlobalSection
	GlobalSection(SolutionProperties) = preSolution
		HideSolutionNode = FALSE
	EndGlobalSection
	GlobalSection(ExtensibilityGlobals) = postSolution
		SolutionGuid = {E3DC7315-0BDD-474E-9A69-7D1E49F4B0E6}
	EndGlobalSection
EndGlobal
